
Microsoft Visual Studio Solution File, Format Version 12.00
# Visual Studio 15
Project("{FAE04EC0-301F-11D3-BF4B-00C04F79EFBC}") = "UnityEngine.TestRunner", "UnityEngine.TestRunner.csproj", "{FDCB20E8-9888-37FE-4B7E-A2AEA30BFBFC}"
EndProject
Project("{FAE04EC0-301F-11D3-BF4B-00C04F79EFBC}") = "UnityEngine.UI", "UnityEngine.UI.csproj", "{327C13CF-CB17-9FC8-C628-7A8B8A8FB1E8}"
EndProject
Project("{FAE04EC0-301F-11D3-BF4B-00C04F79EFBC}") = "Unity.VisualScripting.Flow", "Unity.VisualScripting.Flow.csproj", "{5D9AF547-D9D7-8113-0DB6-B41AC37B095D}"
EndProject
Project("{FAE04EC0-301F-11D3-BF4B-00C04F79EFBC}") = "Unity.Mathematics", "Unity.Mathematics.csproj", "{E8A5436A-9595-9A38-2F4A-6DEDD7973083}"
EndProject
Project("{FAE04EC0-301F-11D3-BF4B-00C04F79EFBC}") = "Unity.Services.Core.Telemetry", "Unity.Services.Core.Telemetry.csproj", "{41A41DE5-4159-84A5-2625-E04C88D02EC1}"
EndProject
Project("{FAE04EC0-301F-11D3-BF4B-00C04F79EFBC}") = "Unity.VisualScripting.State", "Unity.VisualScripting.State.csproj", "{77AF2CD6-CB52-BAE3-D964-9AFC34CF5F25}"
EndProject
Project("{FAE04EC0-301F-11D3-BF4B-00C04F79EFBC}") = "Unity.VisualScripting.Core", "Unity.VisualScripting.Core.csproj", "{0173021E-A4B8-65B3-084A-074967471DDD}"
EndProject
Project("{FAE04EC0-301F-11D3-BF4B-00C04F79EFBC}") = "Unity.Services.Core.Environments.Internal", "Unity.Services.Core.Environments.Internal.csproj", "{2B8EB092-624D-F687-E6C9-F0E2688B6C16}"
EndProject
Project("{FAE04EC0-301F-11D3-BF4B-00C04F79EFBC}") = "Unity.Burst", "Unity.Burst.csproj", "{97D5BF2A-6197-81B2-CA1E-4521743911CB}"
EndProject
Project("{FAE04EC0-301F-11D3-BF4B-00C04F79EFBC}") = "Unity.2D.Animation.Runtime", "Unity.2D.Animation.Runtime.csproj", "{EA6550E0-78DC-DD6B-14D3-5AAC3E873E71}"
EndProject
Project("{FAE04EC0-301F-11D3-BF4B-00C04F79EFBC}") = "Unity.TextMeshPro", "Unity.TextMeshPro.csproj", "{B8DDD81B-085C-0E8D-BBC4-9D0F55D19E1E}"
EndProject
Project("{FAE04EC0-301F-11D3-BF4B-00C04F79EFBC}") = "Cinemachine", "Cinemachine.csproj", "{82050AE1-2452-1E07-BEA0-3E1816EADD0A}"
EndProject
Project("{FAE04EC0-301F-11D3-BF4B-00C04F79EFBC}") = "Unity.Timeline", "Unity.Timeline.csproj", "{320C5D30-29EC-F2D9-ABAD-22719CC88EF5}"
EndProject
Project("{FAE04EC0-301F-11D3-BF4B-00C04F79EFBC}") = "Unity.Services.Core", "Unity.Services.Core.csproj", "{A60168A7-BC51-3215-2470-7EABA043B068}"
EndProject
Project("{FAE04EC0-301F-11D3-BF4B-00C04F79EFBC}") = "Unity.Services.Core.Environments", "Unity.Services.Core.Environments.csproj", "{1D8A3DBA-32B2-F362-7518-2EC913B7A5CD}"
EndProject
Project("{FAE04EC0-301F-11D3-BF4B-00C04F79EFBC}") = "SuperTiled2Unity", "SuperTiled2Unity.csproj", "{06511BF4-61D4-E49A-1D2B-737AADF901D6}"
EndProject
Project("{FAE04EC0-301F-11D3-BF4B-00C04F79EFBC}") = "Unity.Services.Core.Internal", "Unity.Services.Core.Internal.csproj", "{0B103C41-0DCA-B6F1-47F1-EFD915C85776}"
EndProject
Project("{FAE04EC0-301F-11D3-BF4B-00C04F79EFBC}") = "Unity.Services.Core.Analytics", "Unity.Services.Core.Analytics.csproj", "{38A9BE43-9974-4EC0-7570-C6089D923B4B}"
EndProject
Project("{FAE04EC0-301F-11D3-BF4B-00C04F79EFBC}") = "Unity.2D.SpriteShape.Runtime", "Unity.2D.SpriteShape.Runtime.csproj", "{E47FAEA4-F0C5-A87D-A7D9-CB72F97F8846}"
EndProject
Project("{FAE04EC0-301F-11D3-BF4B-00C04F79EFBC}") = "Unity.Services.Core.Scheduler", "Unity.Services.Core.Scheduler.csproj", "{2815A613-F225-3E75-DF7F-8D41856D49AC}"
EndProject
Project("{FAE04EC0-301F-11D3-BF4B-00C04F79EFBC}") = "Unity.Services.Core.Registration", "Unity.Services.Core.Registration.csproj", "{56E9EB34-D084-7129-CAC4-9E4A7933A809}"
EndProject
Project("{FAE04EC0-301F-11D3-BF4B-00C04F79EFBC}") = "Unity.2D.PixelPerfect", "Unity.2D.PixelPerfect.csproj", "{8788DF8E-6561-5683-2B75-C33721D889BD}"
EndProject
Project("{FAE04EC0-301F-11D3-BF4B-00C04F79EFBC}") = "Unity.2D.Common.Runtime", "Unity.2D.Common.Runtime.csproj", "{16CD304D-9F63-C242-D2FF-E4DA4EDD987E}"
EndProject
Project("{FAE04EC0-301F-11D3-BF4B-00C04F79EFBC}") = "Unity.2D.IK.Runtime", "Unity.2D.IK.Runtime.csproj", "{EA0DB2E5-56D4-F277-C73A-93BCB74F41D2}"
EndProject
Project("{FAE04EC0-301F-11D3-BF4B-00C04F79EFBC}") = "Unity.Services.Core.Device", "Unity.Services.Core.Device.csproj", "{C28A92BE-E68F-4A58-118C-0C404E63E2F3}"
EndProject
Project("{FAE04EC0-301F-11D3-BF4B-00C04F79EFBC}") = "Assembly-CSharp", "Assembly-CSharp.csproj", "{30575951-1F65-09FF-44AC-743EFA231221}"
EndProject
Project("{FAE04EC0-301F-11D3-BF4B-00C04F79EFBC}") = "Unity.Services.Core.Threading", "Unity.Services.Core.Threading.csproj", "{B75259BD-DD36-E8CA-0901-EB7F9A6F2412}"
EndProject
Project("{FAE04EC0-301F-11D3-BF4B-00C04F79EFBC}") = "Unity.2D.Tilemap.Extras", "Unity.2D.Tilemap.Extras.csproj", "{52F8AD1D-3835-AD1A-D02E-97C07B513D51}"
EndProject
Project("{FAE04EC0-301F-11D3-BF4B-00C04F79EFBC}") = "Unity.Services.Core.Networking", "Unity.Services.Core.Networking.csproj", "{10B373D4-A65E-584C-B1F7-0E0120694FF8}"
EndProject
Project("{FAE04EC0-301F-11D3-BF4B-00C04F79EFBC}") = "Unity.InternalAPIEngineBridge.001", "Unity.InternalAPIEngineBridge.001.csproj", "{309BE844-F66F-D465-4AF4-CB26E871D83E}"
EndProject
Project("{FAE04EC0-301F-11D3-BF4B-00C04F79EFBC}") = "Unity.Services.Core.Configuration", "Unity.Services.Core.Configuration.csproj", "{128D86BC-7ADD-7058-DC5E-AB361D8D5C4E}"
EndProject
Project("{FAE04EC0-301F-11D3-BF4B-00C04F79EFBC}") = "Unity.PlasticSCM.Editor", "Unity.PlasticSCM.Editor.csproj", "{E5E0031E-4952-360A-8D82-A160BCAB080E}"
EndProject
Project("{FAE04EC0-301F-11D3-BF4B-00C04F79EFBC}") = "Unity.VisualScripting.Core.Editor", "Unity.VisualScripting.Core.Editor.csproj", "{0CD3B587-5818-FCFA-16BF-59B0A3F6597D}"
EndProject
Project("{FAE04EC0-301F-11D3-BF4B-00C04F79EFBC}") = "Unity.VisualScripting.Flow.Editor", "Unity.VisualScripting.Flow.Editor.csproj", "{E48AADA0-AFAF-9287-09A3-9B470F88D998}"
EndProject
Project("{FAE04EC0-301F-11D3-BF4B-00C04F79EFBC}") = "Unity.VisualStudio.Editor", "Unity.VisualStudio.Editor.csproj", "{CDFE4B31-9429-45FC-1D0B-3A12021CEBED}"
EndProject
Project("{FAE04EC0-301F-11D3-BF4B-00C04F79EFBC}") = "Unity.Timeline.Editor", "Unity.Timeline.Editor.csproj", "{E6ED23C6-B96F-8662-9D86-FCAA159428C2}"
EndProject
Project("{FAE04EC0-301F-11D3-BF4B-00C04F79EFBC}") = "com.unity.cinemachine.editor", "com.unity.cinemachine.editor.csproj", "{C9F3BA7F-950D-CFF5-9B0D-F381AF45F533}"
EndProject
Project("{FAE04EC0-301F-11D3-BF4B-00C04F79EFBC}") = "Unity.VisualScripting.State.Editor", "Unity.VisualScripting.State.Editor.csproj", "{D1ADA6CD-82EF-E4BA-A9DD-51CEE3F76F74}"
EndProject
Project("{FAE04EC0-301F-11D3-BF4B-00C04F79EFBC}") = "Unity.TextMeshPro.Editor", "Unity.TextMeshPro.Editor.csproj", "{AA369D61-FBD4-F291-F1FB-BF38F21EE79B}"
EndProject
Project("{FAE04EC0-301F-11D3-BF4B-00C04F79EFBC}") = "Unity.2D.Animation.Editor", "Unity.2D.Animation.Editor.csproj", "{4B0D0133-98B5-A0A4-EDA2-2B5C16E2AD36}"
EndProject
Project("{FAE04EC0-301F-11D3-BF4B-00C04F79EFBC}") = "Unity.VisualScripting.SettingsProvider.Editor", "Unity.VisualScripting.SettingsProvider.Editor.csproj", "{F2D83810-A51D-8B01-355A-7A5D4F5C6389}"
EndProject
Project("{FAE04EC0-301F-11D3-BF4B-00C04F79EFBC}") = "Unity.CollabProxy.Editor", "Unity.CollabProxy.Editor.csproj", "{D5C638F9-2BBA-A4E2-1B40-A00DDDE395BD}"
EndProject
Project("{FAE04EC0-301F-11D3-BF4B-00C04F79EFBC}") = "UnityEditor.TestRunner", "UnityEditor.TestRunner.csproj", "{73C7DE87-DF2A-0388-EC0B-C485B0C1A9E8}"
EndProject
Project("{FAE04EC0-301F-11D3-BF4B-00C04F79EFBC}") = "Unity.2D.Tilemap.Editor", "Unity.2D.Tilemap.Editor.csproj", "{05537D3E-3DFA-595B-7B47-E8C09A62E4BA}"
EndProject
Project("{FAE04EC0-301F-11D3-BF4B-00C04F79EFBC}") = "Unity.Services.Core.Editor", "Unity.Services.Core.Editor.csproj", "{361E1AF2-1ACC-79A9-A0EC-F370FAA78A76}"
EndProject
Project("{FAE04EC0-301F-11D3-BF4B-00C04F79EFBC}") = "SuperTiled2UnityEditor", "SuperTiled2UnityEditor.csproj", "{D5BA2CF1-6A0F-20C3-BA58-02F6170562EA}"
EndProject
Project("{FAE04EC0-301F-11D3-BF4B-00C04F79EFBC}") = "Unity.Rider.Editor", "Unity.Rider.Editor.csproj", "{2519F12A-0A76-3C44-BA02-39C7988EC46A}"
EndProject
Project("{FAE04EC0-301F-11D3-BF4B-00C04F79EFBC}") = "Unity.2D.Path.Editor", "Unity.2D.Path.Editor.csproj", "{8DB8631D-B8AF-1394-CA7D-3323CEE8EC51}"
EndProject
Project("{FAE04EC0-301F-11D3-BF4B-00C04F79EFBC}") = "PsdPlugin", "PsdPlugin.csproj", "{CF0B9B15-2A7E-DFBF-4B86-7632A48663CD}"
EndProject
Project("{FAE04EC0-301F-11D3-BF4B-00C04F79EFBC}") = "Unity.2D.IK.Editor", "Unity.2D.IK.Editor.csproj", "{742D5D5A-A2A2-BB1E-C792-1279630B2EF6}"
EndProject
Project("{FAE04EC0-301F-11D3-BF4B-00C04F79EFBC}") = "Unity.2D.Psdimporter.Editor", "Unity.2D.Psdimporter.Editor.csproj", "{72A60A65-65EF-C698-72D1-49B2CD9D3004}"
EndProject
Project("{FAE04EC0-301F-11D3-BF4B-00C04F79EFBC}") = "Unity.2D.SpriteShape.Editor", "Unity.2D.SpriteShape.Editor.csproj", "{F537D1AC-9888-692F-6712-37421A03E97C}"
EndProject
Project("{FAE04EC0-301F-11D3-BF4B-00C04F79EFBC}") = "Unity.Burst.CodeGen", "Unity.Burst.CodeGen.csproj", "{D7303650-1DC0-87A7-D994-3F531808DF44}"
EndProject
Project("{FAE04EC0-301F-11D3-BF4B-00C04F79EFBC}") = "Unity.2D.PixelPerfect.Editor", "Unity.2D.PixelPerfect.Editor.csproj", "{5A7ED36A-1B51-72CB-D2E9-6E43F5141FBD}"
EndProject
Project("{FAE04EC0-301F-11D3-BF4B-00C04F79EFBC}") = "Unity.VSCode.Editor", "Unity.VSCode.Editor.csproj", "{8C79FCAA-3F65-7B06-B306-C0B2C644094D}"
EndProject
Project("{FAE04EC0-301F-11D3-BF4B-00C04F79EFBC}") = "Unity.2D.Sprite.Editor", "Unity.2D.Sprite.Editor.csproj", "{E79D88E1-C7C0-8670-6DE7-F59A99126B82}"
EndProject
Project("{FAE04EC0-301F-11D3-BF4B-00C04F79EFBC}") = "UnityEditor.UI", "UnityEditor.UI.csproj", "{6E14ACD5-CB73-E0E5-077E-65CA91BDEDE9}"
EndProject
Project("{FAE04EC0-301F-11D3-BF4B-00C04F79EFBC}") = "Unity.2D.Common.Editor", "Unity.2D.Common.Editor.csproj", "{6BF1BAAB-AE87-F176-E03F-5AF4DA799089}"
EndProject
Project("{FAE04EC0-301F-11D3-BF4B-00C04F79EFBC}") = "Unity.Mathematics.Editor", "Unity.Mathematics.Editor.csproj", "{304F5030-3CE0-B7F3-38B4-1ADCF7D7AB59}"
EndProject
Project("{FAE04EC0-301F-11D3-BF4B-00C04F79EFBC}") = "Unity.Services.Core.Configuration.Editor", "Unity.Services.Core.Configuration.Editor.csproj", "{9AAE9CA1-03C4-4606-D536-835BFC228AE5}"
EndProject
Project("{FAE04EC0-301F-11D3-BF4B-00C04F79EFBC}") = "Unity.2D.Tilemap.Extras.Editor", "Unity.2D.Tilemap.Extras.Editor.csproj", "{8F14732A-6739-CEE9-78FB-B0B07632FCD5}"
EndProject
Project("{FAE04EC0-301F-11D3-BF4B-00C04F79EFBC}") = "Unity.Burst.Editor", "Unity.Burst.Editor.csproj", "{5DD56875-435B-8C56-4729-956A0AC85F38}"
EndProject
Project("{FAE04EC0-301F-11D3-BF4B-00C04F79EFBC}") = "Unity.InternalAPIEditorBridge.001", "Unity.InternalAPIEditorBridge.001.csproj", "{2387E9B7-9BA4-3DE4-F3E1-80406FF85C4C}"
EndProject
Project("{FAE04EC0-301F-11D3-BF4B-00C04F79EFBC}") = "Unity.VisualScripting.Shared.Editor", "Unity.VisualScripting.Shared.Editor.csproj", "{204D8512-3B39-C19F-77DD-88C69A7963C2}"
EndProject
Project("{FAE04EC0-301F-11D3-BF4B-00C04F79EFBC}") = "UnityEngine.TestRunner", "UnityEngine.TestRunner.Player.csproj", "{2F0473E3-196F-7832-CE1B-12450120699A}"
EndProject
Project("{FAE04EC0-301F-11D3-BF4B-00C04F79EFBC}") = "UnityEngine.UI", "UnityEngine.UI.Player.csproj", "{6AD9FC6E-2143-3D37-BE8C-19E0AA209E24}"
EndProject
Project("{FAE04EC0-301F-11D3-BF4B-00C04F79EFBC}") = "Unity.VisualScripting.Flow", "Unity.VisualScripting.Flow.Player.csproj", "{9A7D4F1D-487A-90A0-E69E-8A92323EF929}"
EndProject
Project("{FAE04EC0-301F-11D3-BF4B-00C04F79EFBC}") = "Unity.Mathematics", "Unity.Mathematics.Player.csproj", "{EFA78794-7AD9-D00B-CF59-08F5165B9E35}"
EndProject
Project("{FAE04EC0-301F-11D3-BF4B-00C04F79EFBC}") = "Unity.Services.Core.Telemetry", "Unity.Services.Core.Telemetry.Player.csproj", "{24AEE879-B271-4067-F1D4-903AF4368DC2}"
EndProject
Project("{FAE04EC0-301F-11D3-BF4B-00C04F79EFBC}") = "Unity.VisualScripting.State", "Unity.VisualScripting.State.Player.csproj", "{2786EF99-E716-1E8C-E4E4-3834A5D48172}"
EndProject
Project("{FAE04EC0-301F-11D3-BF4B-00C04F79EFBC}") = "Unity.VisualScripting.Core", "Unity.VisualScripting.Core.Player.csproj", "{E48A3B1A-C96E-6936-0F2F-147FD7D42B6D}"
EndProject
Project("{FAE04EC0-301F-11D3-BF4B-00C04F79EFBC}") = "Unity.Services.Core.Environments.Internal", "Unity.Services.Core.Environments.Internal.Player.csproj", "{9E89E0F8-465C-FE7B-B2F2-F815BD4DBAE4}"
EndProject
Project("{FAE04EC0-301F-11D3-BF4B-00C04F79EFBC}") = "Unity.Burst", "Unity.Burst.Player.csproj", "{04DEE21C-EB55-3537-7BF0-4819E5B1B0A6}"
EndProject
Project("{FAE04EC0-301F-11D3-BF4B-00C04F79EFBC}") = "Unity.2D.Animation.Runtime", "Unity.2D.Animation.Runtime.Player.csproj", "{776B66FF-B03D-B962-0DE4-A51531DC86FC}"
EndProject
Project("{FAE04EC0-301F-11D3-BF4B-00C04F79EFBC}") = "Unity.TextMeshPro", "Unity.TextMeshPro.Player.csproj", "{B5A05228-3C1E-0EDA-FEB5-C8E5DE5728A6}"
EndProject
Project("{FAE04EC0-301F-11D3-BF4B-00C04F79EFBC}") = "Cinemachine", "Cinemachine.Player.csproj", "{99D7879F-3B59-3979-78E7-DA952AAE75C9}"
EndProject
Project("{FAE04EC0-301F-11D3-BF4B-00C04F79EFBC}") = "Unity.Timeline", "Unity.Timeline.Player.csproj", "{13FEB3B3-6B42-BA6B-9835-1FA83F3AFEAF}"
EndProject
Project("{FAE04EC0-301F-11D3-BF4B-00C04F79EFBC}") = "Unity.Services.Core", "Unity.Services.Core.Player.csproj", "{D998AD82-F818-E40E-DD16-ED178212306A}"
EndProject
Project("{FAE04EC0-301F-11D3-BF4B-00C04F79EFBC}") = "Unity.Services.Core.Environments", "Unity.Services.Core.Environments.Player.csproj", "{18B66A31-0E9F-445B-9304-D07BD231E599}"
EndProject
Project("{FAE04EC0-301F-11D3-BF4B-00C04F79EFBC}") = "SuperTiled2Unity", "SuperTiled2Unity.Player.csproj", "{E42B9E0B-866A-876A-6921-D2FEE705C7B9}"
EndProject
Project("{FAE04EC0-301F-11D3-BF4B-00C04F79EFBC}") = "Unity.Services.Core.Internal", "Unity.Services.Core.Internal.Player.csproj", "{C4ECE825-5076-66CB-E892-689602AA14CE}"
EndProject
Project("{FAE04EC0-301F-11D3-BF4B-00C04F79EFBC}") = "Unity.Services.Core.Analytics", "Unity.Services.Core.Analytics.Player.csproj", "{E0BF6211-8734-F04A-FE77-F234CC94010F}"
EndProject
Project("{FAE04EC0-301F-11D3-BF4B-00C04F79EFBC}") = "Unity.2D.SpriteShape.Runtime", "Unity.2D.SpriteShape.Runtime.Player.csproj", "{BF437066-585A-256C-3017-C36D47C38EDF}"
EndProject
Project("{FAE04EC0-301F-11D3-BF4B-00C04F79EFBC}") = "Unity.Services.Core.Scheduler", "Unity.Services.Core.Scheduler.Player.csproj", "{FA1C11E2-263E-9F88-2ADF-EEEE2A40AD3C}"
EndProject
Project("{FAE04EC0-301F-11D3-BF4B-00C04F79EFBC}") = "Unity.Services.Core.Registration", "Unity.Services.Core.Registration.Player.csproj", "{78C9C1CA-77E0-CB9F-FAE0-09ACCDE5B51B}"
EndProject
Project("{FAE04EC0-301F-11D3-BF4B-00C04F79EFBC}") = "Unity.2D.PixelPerfect", "Unity.2D.PixelPerfect.Player.csproj", "{060C097B-2E84-AD48-5F05-4F9BF4EA2DAD}"
EndProject
Project("{FAE04EC0-301F-11D3-BF4B-00C04F79EFBC}") = "Unity.2D.Common.Runtime", "Unity.2D.Common.Runtime.Player.csproj", "{CA6AED87-9A77-5237-EFBD-04108B80BBEA}"
EndProject
Project("{FAE04EC0-301F-11D3-BF4B-00C04F79EFBC}") = "Unity.2D.IK.Runtime", "Unity.2D.IK.Runtime.Player.csproj", "{1EFA477A-1A6E-6FB4-682C-FE94CBFC60BA}"
EndProject
Project("{FAE04EC0-301F-11D3-BF4B-00C04F79EFBC}") = "Unity.Services.Core.Device", "Unity.Services.Core.Device.Player.csproj", "{735BF2F6-AED0-5F19-C671-138D23FDC561}"
EndProject
Project("{FAE04EC0-301F-11D3-BF4B-00C04F79EFBC}") = "Assembly-CSharp", "Assembly-CSharp.Player.csproj", "{F71B7D18-2F21-3BE8-8270-EA430C53549E}"
EndProject
Project("{FAE04EC0-301F-11D3-BF4B-00C04F79EFBC}") = "Unity.Services.Core.Threading", "Unity.Services.Core.Threading.Player.csproj", "{17F6EEE4-6D53-7CA2-B2C8-DF190AE6C973}"
EndProject
Project("{FAE04EC0-301F-11D3-BF4B-00C04F79EFBC}") = "Unity.2D.Tilemap.Extras", "Unity.2D.Tilemap.Extras.Player.csproj", "{66A3AE55-C0DB-D511-F679-D63F6BBB6356}"
EndProject
Project("{FAE04EC0-301F-11D3-BF4B-00C04F79EFBC}") = "Unity.Services.Core.Networking", "Unity.Services.Core.Networking.Player.csproj", "{9A1942E2-B53B-CE5A-F295-63454E96A2B5}"
EndProject
Project("{FAE04EC0-301F-11D3-BF4B-00C04F79EFBC}") = "Unity.InternalAPIEngineBridge.001", "Unity.InternalAPIEngineBridge.001.Player.csproj", "{8CD36CA0-F8AD-0345-A036-AB9849C62563}"
EndProject
Project("{FAE04EC0-301F-11D3-BF4B-00C04F79EFBC}") = "Unity.Services.Core.Configuration", "Unity.Services.Core.Configuration.Player.csproj", "{58104BED-4964-9D3B-B523-FB57E3FEDF6F}"
EndProject
Global
	GlobalSection(SolutionConfigurationPlatforms) = preSolution
		Debug|Any CPU = Debug|Any CPU
		Release|Any CPU = Release|Any CPU
	EndGlobalSection
	GlobalSection(ProjectConfigurationPlatforms) = postSolution
		{FDCB20E8-9888-37FE-4B7E-A2AEA30BFBFC}.Debug|Any CPU.ActiveCfg = Debug|Any CPU
		{FDCB20E8-9888-37FE-4B7E-A2AEA30BFBFC}.Debug|Any CPU.Build.0 = Debug|Any CPU
		{FDCB20E8-9888-37FE-4B7E-A2AEA30BFBFC}.Release|Any CPU.ActiveCfg = Release|Any CPU
		{FDCB20E8-9888-37FE-4B7E-A2AEA30BFBFC}.Release|Any CPU.Build.0 = Release|Any CPU
		{327C13CF-CB17-9FC8-C628-7A8B8A8FB1E8}.Debug|Any CPU.ActiveCfg = Debug|Any CPU
		{327C13CF-CB17-9FC8-C628-7A8B8A8FB1E8}.Debug|Any CPU.Build.0 = Debug|Any CPU
		{327C13CF-CB17-9FC8-C628-7A8B8A8FB1E8}.Release|Any CPU.ActiveCfg = Release|Any CPU
		{327C13CF-CB17-9FC8-C628-7A8B8A8FB1E8}.Release|Any CPU.Build.0 = Release|Any CPU
		{5D9AF547-D9D7-8113-0DB6-B41AC37B095D}.Debug|Any CPU.ActiveCfg = Debug|Any CPU
		{5D9AF547-D9D7-8113-0DB6-B41AC37B095D}.Debug|Any CPU.Build.0 = Debug|Any CPU
		{5D9AF547-D9D7-8113-0DB6-B41AC37B095D}.Release|Any CPU.ActiveCfg = Release|Any CPU
		{5D9AF547-D9D7-8113-0DB6-B41AC37B095D}.Release|Any CPU.Build.0 = Release|Any CPU
		{E8A5436A-9595-9A38-2F4A-6DEDD7973083}.Debug|Any CPU.ActiveCfg = Debug|Any CPU
		{E8A5436A-9595-9A38-2F4A-6DEDD7973083}.Debug|Any CPU.Build.0 = Debug|Any CPU
		{E8A5436A-9595-9A38-2F4A-6DEDD7973083}.Release|Any CPU.ActiveCfg = Release|Any CPU
		{E8A5436A-9595-9A38-2F4A-6DEDD7973083}.Release|Any CPU.Build.0 = Release|Any CPU
		{41A41DE5-4159-84A5-2625-E04C88D02EC1}.Debug|Any CPU.ActiveCfg = Debug|Any CPU
		{41A41DE5-4159-84A5-2625-E04C88D02EC1}.Debug|Any CPU.Build.0 = Debug|Any CPU
		{41A41DE5-4159-84A5-2625-E04C88D02EC1}.Release|Any CPU.ActiveCfg = Release|Any CPU
		{41A41DE5-4159-84A5-2625-E04C88D02EC1}.Release|Any CPU.Build.0 = Release|Any CPU
		{77AF2CD6-CB52-BAE3-D964-9AFC34CF5F25}.Debug|Any CPU.ActiveCfg = Debug|Any CPU
		{77AF2CD6-CB52-BAE3-D964-9AFC34CF5F25}.Debug|Any CPU.Build.0 = Debug|Any CPU
		{77AF2CD6-CB52-BAE3-D964-9AFC34CF5F25}.Release|Any CPU.ActiveCfg = Release|Any CPU
		{77AF2CD6-CB52-BAE3-D964-9AFC34CF5F25}.Release|Any CPU.Build.0 = Release|Any CPU
		{0173021E-A4B8-65B3-084A-074967471DDD}.Debug|Any CPU.ActiveCfg = Debug|Any CPU
		{0173021E-A4B8-65B3-084A-074967471DDD}.Debug|Any CPU.Build.0 = Debug|Any CPU
		{0173021E-A4B8-65B3-084A-074967471DDD}.Release|Any CPU.ActiveCfg = Release|Any CPU
		{0173021E-A4B8-65B3-084A-074967471DDD}.Release|Any CPU.Build.0 = Release|Any CPU
		{2B8EB092-624D-F687-E6C9-F0E2688B6C16}.Debug|Any CPU.ActiveCfg = Debug|Any CPU
		{2B8EB092-624D-F687-E6C9-F0E2688B6C16}.Debug|Any CPU.Build.0 = Debug|Any CPU
		{2B8EB092-624D-F687-E6C9-F0E2688B6C16}.Release|Any CPU.ActiveCfg = Release|Any CPU
		{2B8EB092-624D-F687-E6C9-F0E2688B6C16}.Release|Any CPU.Build.0 = Release|Any CPU
		{97D5BF2A-6197-81B2-CA1E-4521743911CB}.Debug|Any CPU.ActiveCfg = Debug|Any CPU
		{97D5BF2A-6197-81B2-CA1E-4521743911CB}.Debug|Any CPU.Build.0 = Debug|Any CPU
		{97D5BF2A-6197-81B2-CA1E-4521743911CB}.Release|Any CPU.ActiveCfg = Release|Any CPU
		{97D5BF2A-6197-81B2-CA1E-4521743911CB}.Release|Any CPU.Build.0 = Release|Any CPU
		{EA6550E0-78DC-DD6B-14D3-5AAC3E873E71}.Debug|Any CPU.ActiveCfg = Debug|Any CPU
		{EA6550E0-78DC-DD6B-14D3-5AAC3E873E71}.Debug|Any CPU.Build.0 = Debug|Any CPU
		{EA6550E0-78DC-DD6B-14D3-5AAC3E873E71}.Release|Any CPU.ActiveCfg = Release|Any CPU
		{EA6550E0-78DC-DD6B-14D3-5AAC3E873E71}.Release|Any CPU.Build.0 = Release|Any CPU
		{B8DDD81B-085C-0E8D-BBC4-9D0F55D19E1E}.Debug|Any CPU.ActiveCfg = Debug|Any CPU
		{B8DDD81B-085C-0E8D-BBC4-9D0F55D19E1E}.Debug|Any CPU.Build.0 = Debug|Any CPU
		{B8DDD81B-085C-0E8D-BBC4-9D0F55D19E1E}.Release|Any CPU.ActiveCfg = Release|Any CPU
		{B8DDD81B-085C-0E8D-BBC4-9D0F55D19E1E}.Release|Any CPU.Build.0 = Release|Any CPU
		{82050AE1-2452-1E07-BEA0-3E1816EADD0A}.Debug|Any CPU.ActiveCfg = Debug|Any CPU
		{82050AE1-2452-1E07-BEA0-3E1816EADD0A}.Debug|Any CPU.Build.0 = Debug|Any CPU
		{82050AE1-2452-1E07-BEA0-3E1816EADD0A}.Release|Any CPU.ActiveCfg = Release|Any CPU
		{82050AE1-2452-1E07-BEA0-3E1816EADD0A}.Release|Any CPU.Build.0 = Release|Any CPU
		{320C5D30-29EC-F2D9-ABAD-22719CC88EF5}.Debug|Any CPU.ActiveCfg = Debug|Any CPU
		{320C5D30-29EC-F2D9-ABAD-22719CC88EF5}.Debug|Any CPU.Build.0 = Debug|Any CPU
		{320C5D30-29EC-F2D9-ABAD-22719CC88EF5}.Release|Any CPU.ActiveCfg = Release|Any CPU
		{320C5D30-29EC-F2D9-ABAD-22719CC88EF5}.Release|Any CPU.Build.0 = Release|Any CPU
		{A60168A7-BC51-3215-2470-7EABA043B068}.Debug|Any CPU.ActiveCfg = Debug|Any CPU
		{A60168A7-BC51-3215-2470-7EABA043B068}.Debug|Any CPU.Build.0 = Debug|Any CPU
		{A60168A7-BC51-3215-2470-7EABA043B068}.Release|Any CPU.ActiveCfg = Release|Any CPU
		{A60168A7-BC51-3215-2470-7EABA043B068}.Release|Any CPU.Build.0 = Release|Any CPU
		{1D8A3DBA-32B2-F362-7518-2EC913B7A5CD}.Debug|Any CPU.ActiveCfg = Debug|Any CPU
		{1D8A3DBA-32B2-F362-7518-2EC913B7A5CD}.Debug|Any CPU.Build.0 = Debug|Any CPU
		{1D8A3DBA-32B2-F362-7518-2EC913B7A5CD}.Release|Any CPU.ActiveCfg = Release|Any CPU
		{1D8A3DBA-32B2-F362-7518-2EC913B7A5CD}.Release|Any CPU.Build.0 = Release|Any CPU
		{06511BF4-61D4-E49A-1D2B-737AADF901D6}.Debug|Any CPU.ActiveCfg = Debug|Any CPU
		{06511BF4-61D4-E49A-1D2B-737AADF901D6}.Debug|Any CPU.Build.0 = Debug|Any CPU
		{06511BF4-61D4-E49A-1D2B-737AADF901D6}.Release|Any CPU.ActiveCfg = Release|Any CPU
		{06511BF4-61D4-E49A-1D2B-737AADF901D6}.Release|Any CPU.Build.0 = Release|Any CPU
		{0B103C41-0DCA-B6F1-47F1-EFD915C85776}.Debug|Any CPU.ActiveCfg = Debug|Any CPU
		{0B103C41-0DCA-B6F1-47F1-EFD915C85776}.Debug|Any CPU.Build.0 = Debug|Any CPU
		{0B103C41-0DCA-B6F1-47F1-EFD915C85776}.Release|Any CPU.ActiveCfg = Release|Any CPU
		{0B103C41-0DCA-B6F1-47F1-EFD915C85776}.Release|Any CPU.Build.0 = Release|Any CPU
		{38A9BE43-9974-4EC0-7570-C6089D923B4B}.Debug|Any CPU.ActiveCfg = Debug|Any CPU
		{38A9BE43-9974-4EC0-7570-C6089D923B4B}.Debug|Any CPU.Build.0 = Debug|Any CPU
		{38A9BE43-9974-4EC0-7570-C6089D923B4B}.Release|Any CPU.ActiveCfg = Release|Any CPU
		{38A9BE43-9974-4EC0-7570-C6089D923B4B}.Release|Any CPU.Build.0 = Release|Any CPU
		{E47FAEA4-F0C5-A87D-A7D9-CB72F97F8846}.Debug|Any CPU.ActiveCfg = Debug|Any CPU
		{E47FAEA4-F0C5-A87D-A7D9-CB72F97F8846}.Debug|Any CPU.Build.0 = Debug|Any CPU
		{E47FAEA4-F0C5-A87D-A7D9-CB72F97F8846}.Release|Any CPU.ActiveCfg = Release|Any CPU
		{E47FAEA4-F0C5-A87D-A7D9-CB72F97F8846}.Release|Any CPU.Build.0 = Release|Any CPU
		{2815A613-F225-3E75-DF7F-8D41856D49AC}.Debug|Any CPU.ActiveCfg = Debug|Any CPU
		{2815A613-F225-3E75-DF7F-8D41856D49AC}.Debug|Any CPU.Build.0 = Debug|Any CPU
		{2815A613-F225-3E75-DF7F-8D41856D49AC}.Release|Any CPU.ActiveCfg = Release|Any CPU
		{2815A613-F225-3E75-DF7F-8D41856D49AC}.Release|Any CPU.Build.0 = Release|Any CPU
		{56E9EB34-D084-7129-CAC4-9E4A7933A809}.Debug|Any CPU.ActiveCfg = Debug|Any CPU
		{56E9EB34-D084-7129-CAC4-9E4A7933A809}.Debug|Any CPU.Build.0 = Debug|Any CPU
		{56E9EB34-D084-7129-CAC4-9E4A7933A809}.Release|Any CPU.ActiveCfg = Release|Any CPU
		{56E9EB34-D084-7129-CAC4-9E4A7933A809}.Release|Any CPU.Build.0 = Release|Any CPU
		{8788DF8E-6561-5683-2B75-C33721D889BD}.Debug|Any CPU.ActiveCfg = Debug|Any CPU
		{8788DF8E-6561-5683-2B75-C33721D889BD}.Debug|Any CPU.Build.0 = Debug|Any CPU
		{8788DF8E-6561-5683-2B75-C33721D889BD}.Release|Any CPU.ActiveCfg = Release|Any CPU
		{8788DF8E-6561-5683-2B75-C33721D889BD}.Release|Any CPU.Build.0 = Release|Any CPU
		{16CD304D-9F63-C242-D2FF-E4DA4EDD987E}.Debug|Any CPU.ActiveCfg = Debug|Any CPU
		{16CD304D-9F63-C242-D2FF-E4DA4EDD987E}.Debug|Any CPU.Build.0 = Debug|Any CPU
		{16CD304D-9F63-C242-D2FF-E4DA4EDD987E}.Release|Any CPU.ActiveCfg = Release|Any CPU
		{16CD304D-9F63-C242-D2FF-E4DA4EDD987E}.Release|Any CPU.Build.0 = Release|Any CPU
		{EA0DB2E5-56D4-F277-C73A-93BCB74F41D2}.Debug|Any CPU.ActiveCfg = Debug|Any CPU
		{EA0DB2E5-56D4-F277-C73A-93BCB74F41D2}.Debug|Any CPU.Build.0 = Debug|Any CPU
		{EA0DB2E5-56D4-F277-C73A-93BCB74F41D2}.Release|Any CPU.ActiveCfg = Release|Any CPU
		{EA0DB2E5-56D4-F277-C73A-93BCB74F41D2}.Release|Any CPU.Build.0 = Release|Any CPU
		{C28A92BE-E68F-4A58-118C-0C404E63E2F3}.Debug|Any CPU.ActiveCfg = Debug|Any CPU
		{C28A92BE-E68F-4A58-118C-0C404E63E2F3}.Debug|Any CPU.Build.0 = Debug|Any CPU
		{C28A92BE-E68F-4A58-118C-0C404E63E2F3}.Release|Any CPU.ActiveCfg = Release|Any CPU
		{C28A92BE-E68F-4A58-118C-0C404E63E2F3}.Release|Any CPU.Build.0 = Release|Any CPU
		{30575951-1F65-09FF-44AC-743EFA231221}.Debug|Any CPU.ActiveCfg = Debug|Any CPU
		{30575951-1F65-09FF-44AC-743EFA231221}.Debug|Any CPU.Build.0 = Debug|Any CPU
		{30575951-1F65-09FF-44AC-743EFA231221}.Release|Any CPU.ActiveCfg = Release|Any CPU
		{30575951-1F65-09FF-44AC-743EFA231221}.Release|Any CPU.Build.0 = Release|Any CPU
		{B75259BD-DD36-E8CA-0901-EB7F9A6F2412}.Debug|Any CPU.ActiveCfg = Debug|Any CPU
		{B75259BD-DD36-E8CA-0901-EB7F9A6F2412}.Debug|Any CPU.Build.0 = Debug|Any CPU
		{B75259BD-DD36-E8CA-0901-EB7F9A6F2412}.Release|Any CPU.ActiveCfg = Release|Any CPU
		{B75259BD-DD36-E8CA-0901-EB7F9A6F2412}.Release|Any CPU.Build.0 = Release|Any CPU
		{52F8AD1D-3835-AD1A-D02E-97C07B513D51}.Debug|Any CPU.ActiveCfg = Debug|Any CPU
		{52F8AD1D-3835-AD1A-D02E-97C07B513D51}.Debug|Any CPU.Build.0 = Debug|Any CPU
		{52F8AD1D-3835-AD1A-D02E-97C07B513D51}.Release|Any CPU.ActiveCfg = Release|Any CPU
		{52F8AD1D-3835-AD1A-D02E-97C07B513D51}.Release|Any CPU.Build.0 = Release|Any CPU
		{10B373D4-A65E-584C-B1F7-0E0120694FF8}.Debug|Any CPU.ActiveCfg = Debug|Any CPU
		{10B373D4-A65E-584C-B1F7-0E0120694FF8}.Debug|Any CPU.Build.0 = Debug|Any CPU
		{10B373D4-A65E-584C-B1F7-0E0120694FF8}.Release|Any CPU.ActiveCfg = Release|Any CPU
		{10B373D4-A65E-584C-B1F7-0E0120694FF8}.Release|Any CPU.Build.0 = Release|Any CPU
		{309BE844-F66F-D465-4AF4-CB26E871D83E}.Debug|Any CPU.ActiveCfg = Debug|Any CPU
		{309BE844-F66F-D465-4AF4-CB26E871D83E}.Debug|Any CPU.Build.0 = Debug|Any CPU
		{309BE844-F66F-D465-4AF4-CB26E871D83E}.Release|Any CPU.ActiveCfg = Release|Any CPU
		{309BE844-F66F-D465-4AF4-CB26E871D83E}.Release|Any CPU.Build.0 = Release|Any CPU
		{128D86BC-7ADD-7058-DC5E-AB361D8D5C4E}.Debug|Any CPU.ActiveCfg = Debug|Any CPU
		{128D86BC-7ADD-7058-DC5E-AB361D8D5C4E}.Debug|Any CPU.Build.0 = Debug|Any CPU
		{128D86BC-7ADD-7058-DC5E-AB361D8D5C4E}.Release|Any CPU.ActiveCfg = Release|Any CPU
		{128D86BC-7ADD-7058-DC5E-AB361D8D5C4E}.Release|Any CPU.Build.0 = Release|Any CPU
		{E5E0031E-4952-360A-8D82-A160BCAB080E}.Debug|Any CPU.ActiveCfg = Debug|Any CPU
		{E5E0031E-4952-360A-8D82-A160BCAB080E}.Debug|Any CPU.Build.0 = Debug|Any CPU
		{E5E0031E-4952-360A-8D82-A160BCAB080E}.Release|Any CPU.ActiveCfg = Release|Any CPU
		{E5E0031E-4952-360A-8D82-A160BCAB080E}.Release|Any CPU.Build.0 = Release|Any CPU
		{0CD3B587-5818-FCFA-16BF-59B0A3F6597D}.Debug|Any CPU.ActiveCfg = Debug|Any CPU
		{0CD3B587-5818-FCFA-16BF-59B0A3F6597D}.Debug|Any CPU.Build.0 = Debug|Any CPU
		{0CD3B587-5818-FCFA-16BF-59B0A3F6597D}.Release|Any CPU.ActiveCfg = Release|Any CPU
		{0CD3B587-5818-FCFA-16BF-59B0A3F6597D}.Release|Any CPU.Build.0 = Release|Any CPU
		{E48AADA0-AFAF-9287-09A3-9B470F88D998}.Debug|Any CPU.ActiveCfg = Debug|Any CPU
		{E48AADA0-AFAF-9287-09A3-9B470F88D998}.Debug|Any CPU.Build.0 = Debug|Any CPU
		{E48AADA0-AFAF-9287-09A3-9B470F88D998}.Release|Any CPU.ActiveCfg = Release|Any CPU
		{E48AADA0-AFAF-9287-09A3-9B470F88D998}.Release|Any CPU.Build.0 = Release|Any CPU
		{CDFE4B31-9429-45FC-1D0B-3A12021CEBED}.Debug|Any CPU.ActiveCfg = Debug|Any CPU
		{CDFE4B31-9429-45FC-1D0B-3A12021CEBED}.Debug|Any CPU.Build.0 = Debug|Any CPU
		{CDFE4B31-9429-45FC-1D0B-3A12021CEBED}.Release|Any CPU.ActiveCfg = Release|Any CPU
		{CDFE4B31-9429-45FC-1D0B-3A12021CEBED}.Release|Any CPU.Build.0 = Release|Any CPU
		{E6ED23C6-B96F-8662-9D86-FCAA159428C2}.Debug|Any CPU.ActiveCfg = Debug|Any CPU
		{E6ED23C6-B96F-8662-9D86-FCAA159428C2}.Debug|Any CPU.Build.0 = Debug|Any CPU
		{E6ED23C6-B96F-8662-9D86-FCAA159428C2}.Release|Any CPU.ActiveCfg = Release|Any CPU
		{E6ED23C6-B96F-8662-9D86-FCAA159428C2}.Release|Any CPU.Build.0 = Release|Any CPU
		{C9F3BA7F-950D-CFF5-9B0D-F381AF45F533}.Debug|Any CPU.ActiveCfg = Debug|Any CPU
		{C9F3BA7F-950D-CFF5-9B0D-F381AF45F533}.Debug|Any CPU.Build.0 = Debug|Any CPU
		{C9F3BA7F-950D-CFF5-9B0D-F381AF45F533}.Release|Any CPU.ActiveCfg = Release|Any CPU
		{C9F3BA7F-950D-CFF5-9B0D-F381AF45F533}.Release|Any CPU.Build.0 = Release|Any CPU
		{D1ADA6CD-82EF-E4BA-A9DD-51CEE3F76F74}.Debug|Any CPU.ActiveCfg = Debug|Any CPU
		{D1ADA6CD-82EF-E4BA-A9DD-51CEE3F76F74}.Debug|Any CPU.Build.0 = Debug|Any CPU
		{D1ADA6CD-82EF-E4BA-A9DD-51CEE3F76F74}.Release|Any CPU.ActiveCfg = Release|Any CPU
		{D1ADA6CD-82EF-E4BA-A9DD-51CEE3F76F74}.Release|Any CPU.Build.0 = Release|Any CPU
		{AA369D61-FBD4-F291-F1FB-BF38F21EE79B}.Debug|Any CPU.ActiveCfg = Debug|Any CPU
		{AA369D61-FBD4-F291-F1FB-BF38F21EE79B}.Debug|Any CPU.Build.0 = Debug|Any CPU
		{AA369D61-FBD4-F291-F1FB-BF38F21EE79B}.Release|Any CPU.ActiveCfg = Release|Any CPU
		{AA369D61-FBD4-F291-F1FB-BF38F21EE79B}.Release|Any CPU.Build.0 = Release|Any CPU
		{4B0D0133-98B5-A0A4-EDA2-2B5C16E2AD36}.Debug|Any CPU.ActiveCfg = Debug|Any CPU
		{4B0D0133-98B5-A0A4-EDA2-2B5C16E2AD36}.Debug|Any CPU.Build.0 = Debug|Any CPU
		{4B0D0133-98B5-A0A4-EDA2-2B5C16E2AD36}.Release|Any CPU.ActiveCfg = Release|Any CPU
		{4B0D0133-98B5-A0A4-EDA2-2B5C16E2AD36}.Release|Any CPU.Build.0 = Release|Any CPU
		{F2D83810-A51D-8B01-355A-7A5D4F5C6389}.Debug|Any CPU.ActiveCfg = Debug|Any CPU
		{F2D83810-A51D-8B01-355A-7A5D4F5C6389}.Debug|Any CPU.Build.0 = Debug|Any CPU
		{F2D83810-A51D-8B01-355A-7A5D4F5C6389}.Release|Any CPU.ActiveCfg = Release|Any CPU
		{F2D83810-A51D-8B01-355A-7A5D4F5C6389}.Release|Any CPU.Build.0 = Release|Any CPU
		{D5C638F9-2BBA-A4E2-1B40-A00DDDE395BD}.Debug|Any CPU.ActiveCfg = Debug|Any CPU
		{D5C638F9-2BBA-A4E2-1B40-A00DDDE395BD}.Debug|Any CPU.Build.0 = Debug|Any CPU
		{D5C638F9-2BBA-A4E2-1B40-A00DDDE395BD}.Release|Any CPU.ActiveCfg = Release|Any CPU
		{D5C638F9-2BBA-A4E2-1B40-A00DDDE395BD}.Release|Any CPU.Build.0 = Release|Any CPU
		{73C7DE87-DF2A-0388-EC0B-C485B0C1A9E8}.Debug|Any CPU.ActiveCfg = Debug|Any CPU
		{73C7DE87-DF2A-0388-EC0B-C485B0C1A9E8}.Debug|Any CPU.Build.0 = Debug|Any CPU
		{73C7DE87-DF2A-0388-EC0B-C485B0C1A9E8}.Release|Any CPU.ActiveCfg = Release|Any CPU
		{73C7DE87-DF2A-0388-EC0B-C485B0C1A9E8}.Release|Any CPU.Build.0 = Release|Any CPU
		{05537D3E-3DFA-595B-7B47-E8C09A62E4BA}.Debug|Any CPU.ActiveCfg = Debug|Any CPU
		{05537D3E-3DFA-595B-7B47-E8C09A62E4BA}.Debug|Any CPU.Build.0 = Debug|Any CPU
		{05537D3E-3DFA-595B-7B47-E8C09A62E4BA}.Release|Any CPU.ActiveCfg = Release|Any CPU
		{05537D3E-3DFA-595B-7B47-E8C09A62E4BA}.Release|Any CPU.Build.0 = Release|Any CPU
		{361E1AF2-1ACC-79A9-A0EC-F370FAA78A76}.Debug|Any CPU.ActiveCfg = Debug|Any CPU
		{361E1AF2-1ACC-79A9-A0EC-F370FAA78A76}.Debug|Any CPU.Build.0 = Debug|Any CPU
		{361E1AF2-1ACC-79A9-A0EC-F370FAA78A76}.Release|Any CPU.ActiveCfg = Release|Any CPU
		{361E1AF2-1ACC-79A9-A0EC-F370FAA78A76}.Release|Any CPU.Build.0 = Release|Any CPU
		{D5BA2CF1-6A0F-20C3-BA58-02F6170562EA}.Debug|Any CPU.ActiveCfg = Debug|Any CPU
		{D5BA2CF1-6A0F-20C3-BA58-02F6170562EA}.Debug|Any CPU.Build.0 = Debug|Any CPU
		{D5BA2CF1-6A0F-20C3-BA58-02F6170562EA}.Release|Any CPU.ActiveCfg = Release|Any CPU
		{D5BA2CF1-6A0F-20C3-BA58-02F6170562EA}.Release|Any CPU.Build.0 = Release|Any CPU
		{2519F12A-0A76-3C44-BA02-39C7988EC46A}.Debug|Any CPU.ActiveCfg = Debug|Any CPU
		{2519F12A-0A76-3C44-BA02-39C7988EC46A}.Debug|Any CPU.Build.0 = Debug|Any CPU
		{2519F12A-0A76-3C44-BA02-39C7988EC46A}.Release|Any CPU.ActiveCfg = Release|Any CPU
		{2519F12A-0A76-3C44-BA02-39C7988EC46A}.Release|Any CPU.Build.0 = Release|Any CPU
		{8DB8631D-B8AF-1394-CA7D-3323CEE8EC51}.Debug|Any CPU.ActiveCfg = Debug|Any CPU
		{8DB8631D-B8AF-1394-CA7D-3323CEE8EC51}.Debug|Any CPU.Build.0 = Debug|Any CPU
		{8DB8631D-B8AF-1394-CA7D-3323CEE8EC51}.Release|Any CPU.ActiveCfg = Release|Any CPU
		{8DB8631D-B8AF-1394-CA7D-3323CEE8EC51}.Release|Any CPU.Build.0 = Release|Any CPU
		{CF0B9B15-2A7E-DFBF-4B86-7632A48663CD}.Debug|Any CPU.ActiveCfg = Debug|Any CPU
		{CF0B9B15-2A7E-DFBF-4B86-7632A48663CD}.Debug|Any CPU.Build.0 = Debug|Any CPU
		{CF0B9B15-2A7E-DFBF-4B86-7632A48663CD}.Release|Any CPU.ActiveCfg = Release|Any CPU
		{CF0B9B15-2A7E-DFBF-4B86-7632A48663CD}.Release|Any CPU.Build.0 = Release|Any CPU
		{742D5D5A-A2A2-BB1E-C792-1279630B2EF6}.Debug|Any CPU.ActiveCfg = Debug|Any CPU
		{742D5D5A-A2A2-BB1E-C792-1279630B2EF6}.Debug|Any CPU.Build.0 = Debug|Any CPU
		{742D5D5A-A2A2-BB1E-C792-1279630B2EF6}.Release|Any CPU.ActiveCfg = Release|Any CPU
		{742D5D5A-A2A2-BB1E-C792-1279630B2EF6}.Release|Any CPU.Build.0 = Release|Any CPU
		{72A60A65-65EF-C698-72D1-49B2CD9D3004}.Debug|Any CPU.ActiveCfg = Debug|Any CPU
		{72A60A65-65EF-C698-72D1-49B2CD9D3004}.Debug|Any CPU.Build.0 = Debug|Any CPU
		{72A60A65-65EF-C698-72D1-49B2CD9D3004}.Release|Any CPU.ActiveCfg = Release|Any CPU
		{72A60A65-65EF-C698-72D1-49B2CD9D3004}.Release|Any CPU.Build.0 = Release|Any CPU
		{F537D1AC-9888-692F-6712-37421A03E97C}.Debug|Any CPU.ActiveCfg = Debug|Any CPU
		{F537D1AC-9888-692F-6712-37421A03E97C}.Debug|Any CPU.Build.0 = Debug|Any CPU
		{F537D1AC-9888-692F-6712-37421A03E97C}.Release|Any CPU.ActiveCfg = Release|Any CPU
		{F537D1AC-9888-692F-6712-37421A03E97C}.Release|Any CPU.Build.0 = Release|Any CPU
		{D7303650-1DC0-87A7-D994-3F531808DF44}.Debug|Any CPU.ActiveCfg = Debug|Any CPU
		{D7303650-1DC0-87A7-D994-3F531808DF44}.Debug|Any CPU.Build.0 = Debug|Any CPU
		{D7303650-1DC0-87A7-D994-3F531808DF44}.Release|Any CPU.ActiveCfg = Release|Any CPU
		{D7303650-1DC0-87A7-D994-3F531808DF44}.Release|Any CPU.Build.0 = Release|Any CPU
		{5A7ED36A-1B51-72CB-D2E9-6E43F5141FBD}.Debug|Any CPU.ActiveCfg = Debug|Any CPU
		{5A7ED36A-1B51-72CB-D2E9-6E43F5141FBD}.Debug|Any CPU.Build.0 = Debug|Any CPU
		{5A7ED36A-1B51-72CB-D2E9-6E43F5141FBD}.Release|Any CPU.ActiveCfg = Release|Any CPU
		{5A7ED36A-1B51-72CB-D2E9-6E43F5141FBD}.Release|Any CPU.Build.0 = Release|Any CPU
		{8C79FCAA-3F65-7B06-B306-C0B2C644094D}.Debug|Any CPU.ActiveCfg = Debug|Any CPU
		{8C79FCAA-3F65-7B06-B306-C0B2C644094D}.Debug|Any CPU.Build.0 = Debug|Any CPU
		{8C79FCAA-3F65-7B06-B306-C0B2C644094D}.Release|Any CPU.ActiveCfg = Release|Any CPU
		{8C79FCAA-3F65-7B06-B306-C0B2C644094D}.Release|Any CPU.Build.0 = Release|Any CPU
		{E79D88E1-C7C0-8670-6DE7-F59A99126B82}.Debug|Any CPU.ActiveCfg = Debug|Any CPU
		{E79D88E1-C7C0-8670-6DE7-F59A99126B82}.Debug|Any CPU.Build.0 = Debug|Any CPU
		{E79D88E1-C7C0-8670-6DE7-F59A99126B82}.Release|Any CPU.ActiveCfg = Release|Any CPU
		{E79D88E1-C7C0-8670-6DE7-F59A99126B82}.Release|Any CPU.Build.0 = Release|Any CPU
		{6E14ACD5-CB73-E0E5-077E-65CA91BDEDE9}.Debug|Any CPU.ActiveCfg = Debug|Any CPU
		{6E14ACD5-CB73-E0E5-077E-65CA91BDEDE9}.Debug|Any CPU.Build.0 = Debug|Any CPU
		{6E14ACD5-CB73-E0E5-077E-65CA91BDEDE9}.Release|Any CPU.ActiveCfg = Release|Any CPU
		{6E14ACD5-CB73-E0E5-077E-65CA91BDEDE9}.Release|Any CPU.Build.0 = Release|Any CPU
		{6BF1BAAB-AE87-F176-E03F-5AF4DA799089}.Debug|Any CPU.ActiveCfg = Debug|Any CPU
		{6BF1BAAB-AE87-F176-E03F-5AF4DA799089}.Debug|Any CPU.Build.0 = Debug|Any CPU
		{6BF1BAAB-AE87-F176-E03F-5AF4DA799089}.Release|Any CPU.ActiveCfg = Release|Any CPU
		{6BF1BAAB-AE87-F176-E03F-5AF4DA799089}.Release|Any CPU.Build.0 = Release|Any CPU
		{304F5030-3CE0-B7F3-38B4-1ADCF7D7AB59}.Debug|Any CPU.ActiveCfg = Debug|Any CPU
		{304F5030-3CE0-B7F3-38B4-1ADCF7D7AB59}.Debug|Any CPU.Build.0 = Debug|Any CPU
		{304F5030-3CE0-B7F3-38B4-1ADCF7D7AB59}.Release|Any CPU.ActiveCfg = Release|Any CPU
		{304F5030-3CE0-B7F3-38B4-1ADCF7D7AB59}.Release|Any CPU.Build.0 = Release|Any CPU
		{9AAE9CA1-03C4-4606-D536-835BFC228AE5}.Debug|Any CPU.ActiveCfg = Debug|Any CPU
		{9AAE9CA1-03C4-4606-D536-835BFC228AE5}.Debug|Any CPU.Build.0 = Debug|Any CPU
		{9AAE9CA1-03C4-4606-D536-835BFC228AE5}.Release|Any CPU.ActiveCfg = Release|Any CPU
		{9AAE9CA1-03C4-4606-D536-835BFC228AE5}.Release|Any CPU.Build.0 = Release|Any CPU
		{8F14732A-6739-CEE9-78FB-B0B07632FCD5}.Debug|Any CPU.ActiveCfg = Debug|Any CPU
		{8F14732A-6739-CEE9-78FB-B0B07632FCD5}.Debug|Any CPU.Build.0 = Debug|Any CPU
		{8F14732A-6739-CEE9-78FB-B0B07632FCD5}.Release|Any CPU.ActiveCfg = Release|Any CPU
		{8F14732A-6739-CEE9-78FB-B0B07632FCD5}.Release|Any CPU.Build.0 = Release|Any CPU
		{5DD56875-435B-8C56-4729-956A0AC85F38}.Debug|Any CPU.ActiveCfg = Debug|Any CPU
		{5DD56875-435B-8C56-4729-956A0AC85F38}.Debug|Any CPU.Build.0 = Debug|Any CPU
		{5DD56875-435B-8C56-4729-956A0AC85F38}.Release|Any CPU.ActiveCfg = Release|Any CPU
		{5DD56875-435B-8C56-4729-956A0AC85F38}.Release|Any CPU.Build.0 = Release|Any CPU
		{2387E9B7-9BA4-3DE4-F3E1-80406FF85C4C}.Debug|Any CPU.ActiveCfg = Debug|Any CPU
		{2387E9B7-9BA4-3DE4-F3E1-80406FF85C4C}.Debug|Any CPU.Build.0 = Debug|Any CPU
		{2387E9B7-9BA4-3DE4-F3E1-80406FF85C4C}.Release|Any CPU.ActiveCfg = Release|Any CPU
		{2387E9B7-9BA4-3DE4-F3E1-80406FF85C4C}.Release|Any CPU.Build.0 = Release|Any CPU
		{204D8512-3B39-C19F-77DD-88C69A7963C2}.Debug|Any CPU.ActiveCfg = Debug|Any CPU
		{204D8512-3B39-C19F-77DD-88C69A7963C2}.Debug|Any CPU.Build.0 = Debug|Any CPU
		{204D8512-3B39-C19F-77DD-88C69A7963C2}.Release|Any CPU.ActiveCfg = Release|Any CPU
		{204D8512-3B39-C19F-77DD-88C69A7963C2}.Release|Any CPU.Build.0 = Release|Any CPU
		{2F0473E3-196F-7832-CE1B-12450120699A}.Debug|Any CPU.ActiveCfg = Debug|Any CPU
		{2F0473E3-196F-7832-CE1B-12450120699A}.Debug|Any CPU.Build.0 = Debug|Any CPU
		{2F0473E3-196F-7832-CE1B-12450120699A}.Release|Any CPU.ActiveCfg = Release|Any CPU
		{2F0473E3-196F-7832-CE1B-12450120699A}.Release|Any CPU.Build.0 = Release|Any CPU
		{6AD9FC6E-2143-3D37-BE8C-19E0AA209E24}.Debug|Any CPU.ActiveCfg = Debug|Any CPU
		{6AD9FC6E-2143-3D37-BE8C-19E0AA209E24}.Debug|Any CPU.Build.0 = Debug|Any CPU
		{6AD9FC6E-2143-3D37-BE8C-19E0AA209E24}.Release|Any CPU.ActiveCfg = Release|Any CPU
		{6AD9FC6E-2143-3D37-BE8C-19E0AA209E24}.Release|Any CPU.Build.0 = Release|Any CPU
		{9A7D4F1D-487A-90A0-E69E-8A92323EF929}.Debug|Any CPU.ActiveCfg = Debug|Any CPU
		{9A7D4F1D-487A-90A0-E69E-8A92323EF929}.Debug|Any CPU.Build.0 = Debug|Any CPU
		{9A7D4F1D-487A-90A0-E69E-8A92323EF929}.Release|Any CPU.ActiveCfg = Release|Any CPU
		{9A7D4F1D-487A-90A0-E69E-8A92323EF929}.Release|Any CPU.Build.0 = Release|Any CPU
		{EFA78794-7AD9-D00B-CF59-08F5165B9E35}.Debug|Any CPU.ActiveCfg = Debug|Any CPU
		{EFA78794-7AD9-D00B-CF59-08F5165B9E35}.Debug|Any CPU.Build.0 = Debug|Any CPU
		{EFA78794-7AD9-D00B-CF59-08F5165B9E35}.Release|Any CPU.ActiveCfg = Release|Any CPU
		{EFA78794-7AD9-D00B-CF59-08F5165B9E35}.Release|Any CPU.Build.0 = Release|Any CPU
		{24AEE879-B271-4067-F1D4-903AF4368DC2}.Debug|Any CPU.ActiveCfg = Debug|Any CPU
		{24AEE879-B271-4067-F1D4-903AF4368DC2}.Debug|Any CPU.Build.0 = Debug|Any CPU
		{24AEE879-B271-4067-F1D4-903AF4368DC2}.Release|Any CPU.ActiveCfg = Release|Any CPU
		{24AEE879-B271-4067-F1D4-903AF4368DC2}.Release|Any CPU.Build.0 = Release|Any CPU
		{2786EF99-E716-1E8C-E4E4-3834A5D48172}.Debug|Any CPU.ActiveCfg = Debug|Any CPU
		{2786EF99-E716-1E8C-E4E4-3834A5D48172}.Debug|Any CPU.Build.0 = Debug|Any CPU
		{2786EF99-E716-1E8C-E4E4-3834A5D48172}.Release|Any CPU.ActiveCfg = Release|Any CPU
		{2786EF99-E716-1E8C-E4E4-3834A5D48172}.Release|Any CPU.Build.0 = Release|Any CPU
		{E48A3B1A-C96E-6936-0F2F-147FD7D42B6D}.Debug|Any CPU.ActiveCfg = Debug|Any CPU
		{E48A3B1A-C96E-6936-0F2F-147FD7D42B6D}.Debug|Any CPU.Build.0 = Debug|Any CPU
		{E48A3B1A-C96E-6936-0F2F-147FD7D42B6D}.Release|Any CPU.ActiveCfg = Release|Any CPU
		{E48A3B1A-C96E-6936-0F2F-147FD7D42B6D}.Release|Any CPU.Build.0 = Release|Any CPU
		{9E89E0F8-465C-FE7B-B2F2-F815BD4DBAE4}.Debug|Any CPU.ActiveCfg = Debug|Any CPU
		{9E89E0F8-465C-FE7B-B2F2-F815BD4DBAE4}.Debug|Any CPU.Build.0 = Debug|Any CPU
		{9E89E0F8-465C-FE7B-B2F2-F815BD4DBAE4}.Release|Any CPU.ActiveCfg = Release|Any CPU
		{9E89E0F8-465C-FE7B-B2F2-F815BD4DBAE4}.Release|Any CPU.Build.0 = Release|Any CPU
		{04DEE21C-EB55-3537-7BF0-4819E5B1B0A6}.Debug|Any CPU.ActiveCfg = Debug|Any CPU
		{04DEE21C-EB55-3537-7BF0-4819E5B1B0A6}.Debug|Any CPU.Build.0 = Debug|Any CPU
		{04DEE21C-EB55-3537-7BF0-4819E5B1B0A6}.Release|Any CPU.ActiveCfg = Release|Any CPU
		{04DEE21C-EB55-3537-7BF0-4819E5B1B0A6}.Release|Any CPU.Build.0 = Release|Any CPU
		{776B66FF-B03D-B962-0DE4-A51531DC86FC}.Debug|Any CPU.ActiveCfg = Debug|Any CPU
		{776B66FF-B03D-B962-0DE4-A51531DC86FC}.Debug|Any CPU.Build.0 = Debug|Any CPU
		{776B66FF-B03D-B962-0DE4-A51531DC86FC}.Release|Any CPU.ActiveCfg = Release|Any CPU
		{776B66FF-B03D-B962-0DE4-A51531DC86FC}.Release|Any CPU.Build.0 = Release|Any CPU
		{B5A05228-3C1E-0EDA-FEB5-C8E5DE5728A6}.Debug|Any CPU.ActiveCfg = Debug|Any CPU
		{B5A05228-3C1E-0EDA-FEB5-C8E5DE5728A6}.Debug|Any CPU.Build.0 = Debug|Any CPU
		{B5A05228-3C1E-0EDA-FEB5-C8E5DE5728A6}.Release|Any CPU.ActiveCfg = Release|Any CPU
		{B5A05228-3C1E-0EDA-FEB5-C8E5DE5728A6}.Release|Any CPU.Build.0 = Release|Any CPU
		{99D7879F-3B59-3979-78E7-DA952AAE75C9}.Debug|Any CPU.ActiveCfg = Debug|Any CPU
		{99D7879F-3B59-3979-78E7-DA952AAE75C9}.Debug|Any CPU.Build.0 = Debug|Any CPU
		{99D7879F-3B59-3979-78E7-DA952AAE75C9}.Release|Any CPU.ActiveCfg = Release|Any CPU
		{99D7879F-3B59-3979-78E7-DA952AAE75C9}.Release|Any CPU.Build.0 = Release|Any CPU
		{13FEB3B3-6B42-BA6B-9835-1FA83F3AFEAF}.Debug|Any CPU.ActiveCfg = Debug|Any CPU
		{13FEB3B3-6B42-BA6B-9835-1FA83F3AFEAF}.Debug|Any CPU.Build.0 = Debug|Any CPU
		{13FEB3B3-6B42-BA6B-9835-1FA83F3AFEAF}.Release|Any CPU.ActiveCfg = Release|Any CPU
		{13FEB3B3-6B42-BA6B-9835-1FA83F3AFEAF}.Release|Any CPU.Build.0 = Release|Any CPU
		{D998AD82-F818-E40E-DD16-ED178212306A}.Debug|Any CPU.ActiveCfg = Debug|Any CPU
		{D998AD82-F818-E40E-DD16-ED178212306A}.Debug|Any CPU.Build.0 = Debug|Any CPU
		{D998AD82-F818-E40E-DD16-ED178212306A}.Release|Any CPU.ActiveCfg = Release|Any CPU
		{D998AD82-F818-E40E-DD16-ED178212306A}.Release|Any CPU.Build.0 = Release|Any CPU
		{18B66A31-0E9F-445B-9304-D07BD231E599}.Debug|Any CPU.ActiveCfg = Debug|Any CPU
		{18B66A31-0E9F-445B-9304-D07BD231E599}.Debug|Any CPU.Build.0 = Debug|Any CPU
		{18B66A31-0E9F-445B-9304-D07BD231E599}.Release|Any CPU.ActiveCfg = Release|Any CPU
		{18B66A31-0E9F-445B-9304-D07BD231E599}.Release|Any CPU.Build.0 = Release|Any CPU
		{E42B9E0B-866A-876A-6921-D2FEE705C7B9}.Debug|Any CPU.ActiveCfg = Debug|Any CPU
		{E42B9E0B-866A-876A-6921-D2FEE705C7B9}.Debug|Any CPU.Build.0 = Debug|Any CPU
		{E42B9E0B-866A-876A-6921-D2FEE705C7B9}.Release|Any CPU.ActiveCfg = Release|Any CPU
		{E42B9E0B-866A-876A-6921-D2FEE705C7B9}.Release|Any CPU.Build.0 = Release|Any CPU
		{C4ECE825-5076-66CB-E892-689602AA14CE}.Debug|Any CPU.ActiveCfg = Debug|Any CPU
		{C4ECE825-5076-66CB-E892-689602AA14CE}.Debug|Any CPU.Build.0 = Debug|Any CPU
		{C4ECE825-5076-66CB-E892-689602AA14CE}.Release|Any CPU.ActiveCfg = Release|Any CPU
		{C4ECE825-5076-66CB-E892-689602AA14CE}.Release|Any CPU.Build.0 = Release|Any CPU
		{E0BF6211-8734-F04A-FE77-F234CC94010F}.Debug|Any CPU.ActiveCfg = Debug|Any CPU
		{E0BF6211-8734-F04A-FE77-F234CC94010F}.Debug|Any CPU.Build.0 = Debug|Any CPU
		{E0BF6211-8734-F04A-FE77-F234CC94010F}.Release|Any CPU.ActiveCfg = Release|Any CPU
		{E0BF6211-8734-F04A-FE77-F234CC94010F}.Release|Any CPU.Build.0 = Release|Any CPU
		{BF437066-585A-256C-3017-C36D47C38EDF}.Debug|Any CPU.ActiveCfg = Debug|Any CPU
		{BF437066-585A-256C-3017-C36D47C38EDF}.Debug|Any CPU.Build.0 = Debug|Any CPU
		{BF437066-585A-256C-3017-C36D47C38EDF}.Release|Any CPU.ActiveCfg = Release|Any CPU
		{BF437066-585A-256C-3017-C36D47C38EDF}.Release|Any CPU.Build.0 = Release|Any CPU
		{FA1C11E2-263E-9F88-2ADF-EEEE2A40AD3C}.Debug|Any CPU.ActiveCfg = Debug|Any CPU
		{FA1C11E2-263E-9F88-2ADF-EEEE2A40AD3C}.Debug|Any CPU.Build.0 = Debug|Any CPU
		{FA1C11E2-263E-9F88-2ADF-EEEE2A40AD3C}.Release|Any CPU.ActiveCfg = Release|Any CPU
		{FA1C11E2-263E-9F88-2ADF-EEEE2A40AD3C}.Release|Any CPU.Build.0 = Release|Any CPU
		{78C9C1CA-77E0-CB9F-FAE0-09ACCDE5B51B}.Debug|Any CPU.ActiveCfg = Debug|Any CPU
		{78C9C1CA-77E0-CB9F-FAE0-09ACCDE5B51B}.Debug|Any CPU.Build.0 = Debug|Any CPU
		{78C9C1CA-77E0-CB9F-FAE0-09ACCDE5B51B}.Release|Any CPU.ActiveCfg = Release|Any CPU
		{78C9C1CA-77E0-CB9F-FAE0-09ACCDE5B51B}.Release|Any CPU.Build.0 = Release|Any CPU
		{060C097B-2E84-AD48-5F05-4F9BF4EA2DAD}.Debug|Any CPU.ActiveCfg = Debug|Any CPU
		{060C097B-2E84-AD48-5F05-4F9BF4EA2DAD}.Debug|Any CPU.Build.0 = Debug|Any CPU
		{060C097B-2E84-AD48-5F05-4F9BF4EA2DAD}.Release|Any CPU.ActiveCfg = Release|Any CPU
		{060C097B-2E84-AD48-5F05-4F9BF4EA2DAD}.Release|Any CPU.Build.0 = Release|Any CPU
		{CA6AED87-9A77-5237-EFBD-04108B80BBEA}.Debug|Any CPU.ActiveCfg = Debug|Any CPU
		{CA6AED87-9A77-5237-EFBD-04108B80BBEA}.Debug|Any CPU.Build.0 = Debug|Any CPU
		{CA6AED87-9A77-5237-EFBD-04108B80BBEA}.Release|Any CPU.ActiveCfg = Release|Any CPU
		{CA6AED87-9A77-5237-EFBD-04108B80BBEA}.Release|Any CPU.Build.0 = Release|Any CPU
		{1EFA477A-1A6E-6FB4-682C-FE94CBFC60BA}.Debug|Any CPU.ActiveCfg = Debug|Any CPU
		{1EFA477A-1A6E-6FB4-682C-FE94CBFC60BA}.Debug|Any CPU.Build.0 = Debug|Any CPU
		{1EFA477A-1A6E-6FB4-682C-FE94CBFC60BA}.Release|Any CPU.ActiveCfg = Release|Any CPU
		{1EFA477A-1A6E-6FB4-682C-FE94CBFC60BA}.Release|Any CPU.Build.0 = Release|Any CPU
		{735BF2F6-AED0-5F19-C671-138D23FDC561}.Debug|Any CPU.ActiveCfg = Debug|Any CPU
		{735BF2F6-AED0-5F19-C671-138D23FDC561}.Debug|Any CPU.Build.0 = Debug|Any CPU
		{735BF2F6-AED0-5F19-C671-138D23FDC561}.Release|Any CPU.ActiveCfg = Release|Any CPU
		{735BF2F6-AED0-5F19-C671-138D23FDC561}.Release|Any CPU.Build.0 = Release|Any CPU
		{F71B7D18-2F21-3BE8-8270-EA430C53549E}.Debug|Any CPU.ActiveCfg = Debug|Any CPU
		{F71B7D18-2F21-3BE8-8270-EA430C53549E}.Debug|Any CPU.Build.0 = Debug|Any CPU
		{F71B7D18-2F21-3BE8-8270-EA430C53549E}.Release|Any CPU.ActiveCfg = Release|Any CPU
		{F71B7D18-2F21-3BE8-8270-EA430C53549E}.Release|Any CPU.Build.0 = Release|Any CPU
		{17F6EEE4-6D53-7CA2-B2C8-DF190AE6C973}.Debug|Any CPU.ActiveCfg = Debug|Any CPU
		{17F6EEE4-6D53-7CA2-B2C8-DF190AE6C973}.Debug|Any CPU.Build.0 = Debug|Any CPU
		{17F6EEE4-6D53-7CA2-B2C8-DF190AE6C973}.Release|Any CPU.ActiveCfg = Release|Any CPU
		{17F6EEE4-6D53-7CA2-B2C8-DF190AE6C973}.Release|Any CPU.Build.0 = Release|Any CPU
		{66A3AE55-C0DB-D511-F679-D63F6BBB6356}.Debug|Any CPU.ActiveCfg = Debug|Any CPU
		{66A3AE55-C0DB-D511-F679-D63F6BBB6356}.Debug|Any CPU.Build.0 = Debug|Any CPU
		{66A3AE55-C0DB-D511-F679-D63F6BBB6356}.Release|Any CPU.ActiveCfg = Release|Any CPU
		{66A3AE55-C0DB-D511-F679-D63F6BBB6356}.Release|Any CPU.Build.0 = Release|Any CPU
		{9A1942E2-B53B-CE5A-F295-63454E96A2B5}.Debug|Any CPU.ActiveCfg = Debug|Any CPU
		{9A1942E2-B53B-CE5A-F295-63454E96A2B5}.Debug|Any CPU.Build.0 = Debug|Any CPU
		{9A1942E2-B53B-CE5A-F295-63454E96A2B5}.Release|Any CPU.ActiveCfg = Release|Any CPU
		{9A1942E2-B53B-CE5A-F295-63454E96A2B5}.Release|Any CPU.Build.0 = Release|Any CPU
		{8CD36CA0-F8AD-0345-A036-AB9849C62563}.Debug|Any CPU.ActiveCfg = Debug|Any CPU
		{8CD36CA0-F8AD-0345-A036-AB9849C62563}.Debug|Any CPU.Build.0 = Debug|Any CPU
		{8CD36CA0-F8AD-0345-A036-AB9849C62563}.Release|Any CPU.ActiveCfg = Release|Any CPU
		{8CD36CA0-F8AD-0345-A036-AB9849C62563}.Release|Any CPU.Build.0 = Release|Any CPU
		{58104BED-4964-9D3B-B523-FB57E3FEDF6F}.Debug|Any CPU.ActiveCfg = Debug|Any CPU
		{58104BED-4964-9D3B-B523-FB57E3FEDF6F}.Debug|Any CPU.Build.0 = Debug|Any CPU
		{58104BED-4964-9D3B-B523-FB57E3FEDF6F}.Release|Any CPU.ActiveCfg = Release|Any CPU
		{58104BED-4964-9D3B-B523-FB57E3FEDF6F}.Release|Any CPU.Build.0 = Release|Any CPU
	EndGlobalSection
	GlobalSection(SolutionProperties) = preSolution
		HideSolutionNode = FALSE
	EndGlobalSection
EndGlobal
